
Microsoft Visual Studio Solution File, Format Version 12.00
# Visual Studio 2013
VisualStudioVersion = 12.0.40629.0
MinimumVisualStudioVersion = 10.0.40219.1
Project("{00D1A9C2-B5F0-4AF3-8072-F6C62B433612}") = "Dungeons and Dragons and Databases", "Dungeons and Dragons and Databases\Dungeons and Dragons and Databases.sqlproj", "{A58F3A05-C03A-4E4C-9C66-8C401AAAC30D}"
EndProject
Project("{159641D6-6404-4A2A-AE62-294DE0FE8301}") = "Character Import", "Character Import\Character Import.dtproj", "{04DBBB7E-DE8E-4DBB-AA6D-90417D3CB448}"
EndProject
Global
	GlobalSection(SolutionConfigurationPlatforms) = preSolution
		Debug|Any CPU = Debug|Any CPU
		Development|Any CPU = Development|Any CPU
		Release|Any CPU = Release|Any CPU
	EndGlobalSection
	GlobalSection(ProjectConfigurationPlatforms) = postSolution
		{A58F3A05-C03A-4E4C-9C66-8C401AAAC30D}.Debug|Any CPU.ActiveCfg = Debug|Any CPU
		{A58F3A05-C03A-4E4C-9C66-8C401AAAC30D}.Debug|Any CPU.Build.0 = Debug|Any CPU
		{A58F3A05-C03A-4E4C-9C66-8C401AAAC30D}.Debug|Any CPU.Deploy.0 = Debug|Any CPU
		{A58F3A05-C03A-4E4C-9C66-8C401AAAC30D}.Development|Any CPU.ActiveCfg = Debug|Any CPU
		{A58F3A05-C03A-4E4C-9C66-8C401AAAC30D}.Development|Any CPU.Build.0 = Debug|Any CPU
		{A58F3A05-C03A-4E4C-9C66-8C401AAAC30D}.Development|Any CPU.Deploy.0 = Debug|Any CPU
		{A58F3A05-C03A-4E4C-9C66-8C401AAAC30D}.Release|Any CPU.ActiveCfg = Release|Any CPU
		{A58F3A05-C03A-4E4C-9C66-8C401AAAC30D}.Release|Any CPU.Build.0 = Release|Any CPU
		{A58F3A05-C03A-4E4C-9C66-8C401AAAC30D}.Release|Any CPU.Deploy.0 = Release|Any CPU
		{04DBBB7E-DE8E-4DBB-AA6D-90417D3CB448}.Debug|Any CPU.ActiveCfg = Development
		{04DBBB7E-DE8E-4DBB-AA6D-90417D3CB448}.Debug|Any CPU.Build.0 = Development
		{04DBBB7E-DE8E-4DBB-AA6D-90417D3CB448}.Development|Any CPU.ActiveCfg = Development
		{04DBBB7E-DE8E-4DBB-AA6D-90417D3CB448}.Development|Any CPU.Build.0 = Development
		{04DBBB7E-DE8E-4DBB-AA6D-90417D3CB448}.Release|Any CPU.ActiveCfg = Development
		{04DBBB7E-DE8E-4DBB-AA6D-90417D3CB448}.Release|Any CPU.Build.0 = Development
	EndGlobalSection
	GlobalSection(SolutionProperties) = preSolution
		HideSolutionNode = FALSE
	EndGlobalSection
EndGlobal
